
Microsoft Visual Studio Solution File, Format Version 12.00
# Visual Studio Version 17
VisualStudioVersion = 17.8.34322.80
MinimumVisualStudioVersion = 10.0.40219.1
Project("{9A19103F-16F7-4668-BE54-9A1E7A4F7556}") = "Project_F_Yalla_Enjaz", "Project_F_Yalla_Enjaz.csproj", "{337A5EC0-B134-4C33-B2D6-D32B277547A8}"
EndProject
Project("{9A19103F-16F7-4668-BE54-9A1E7A4F7556}") = "Poject_F_Data_Acsses_Yalla_Enjaz", "..\Poject_F_Data_Acsses_Yalla_Enjaz\Poject_F_Data_Acsses_Yalla_Enjaz.csproj", "{4D9AA219-9B67-4F10-A5D8-3735C3F85506}"
EndProject
Project("{FAE04EC0-301F-11D3-BF4B-00C04F79EFBC}") = "Businees_Logic_Project", "..\Businees_Logic_Project\Businees_Logic_Project.csproj", "{49B1282F-3F1F-4933-80CB-74C6470BF67D}"
EndProject
Global
	GlobalSection(SolutionConfigurationPlatforms) = preSolution
		Debug|Any CPU = Debug|Any CPU
		Release|Any CPU = Release|Any CPU
	EndGlobalSection
	GlobalSection(ProjectConfigurationPlatforms) = postSolution
		{337A5EC0-B134-4C33-B2D6-D32B277547A8}.Debug|Any CPU.ActiveCfg = Debug|Any CPU
		{337A5EC0-B134-4C33-B2D6-D32B277547A8}.Debug|Any CPU.Build.0 = Debug|Any CPU
		{337A5EC0-B134-4C33-B2D6-D32B277547A8}.Release|Any CPU.ActiveCfg = Release|Any CPU
		{337A5EC0-B134-4C33-B2D6-D32B277547A8}.Release|Any CPU.Build.0 = Release|Any CPU
		{4D9AA219-9B67-4F10-A5D8-3735C3F85506}.Debug|Any CPU.ActiveCfg = Debug|Any CPU
		{4D9AA219-9B67-4F10-A5D8-3735C3F85506}.Debug|Any CPU.Build.0 = Debug|Any CPU
		{4D9AA219-9B67-4F10-A5D8-3735C3F85506}.Release|Any CPU.ActiveCfg = Release|Any CPU
		{4D9AA219-9B67-4F10-A5D8-3735C3F85506}.Release|Any CPU.Build.0 = Release|Any CPU
		{49B1282F-3F1F-4933-80CB-74C6470BF67D}.Debug|Any CPU.ActiveCfg = Debug|Any CPU
		{49B1282F-3F1F-4933-80CB-74C6470BF67D}.Debug|Any CPU.Build.0 = Debug|Any CPU
		{49B1282F-3F1F-4933-80CB-74C6470BF67D}.Release|Any CPU.ActiveCfg = Release|Any CPU
		{49B1282F-3F1F-4933-80CB-74C6470BF67D}.Release|Any CPU.Build.0 = Release|Any CPU
	EndGlobalSection
	GlobalSection(SolutionProperties) = preSolution
		HideSolutionNode = FALSE
	EndGlobalSection
	GlobalSection(ExtensibilityGlobals) = postSolution
		SolutionGuid = {B1E12A95-7233-4269-9C3E-F4E7AF11034E}
	EndGlobalSection
EndGlobal
